{
    "version": 3,
    "terraform_version": "0.11.3",
    "serial": 40,
    "lineage": "54cfb818-86aa-4f15-92ef-aca8e0d13b17",
    "modules": [
        {
            "path": [
                "root"
            ],
            "outputs": {
                "aws_vpc": {
                    "sensitive": false,
                    "type": "string",
                    "value": "vpc-e206be9b"
                },
                "cidr": {
                    "sensitive": false,
                    "type": "list",
                    "value": [
                        "176.34.128.0/17",
                        "176.34.64.0/18",
                        "18.194.0.0/15",
                        "18.196.0.0/15",
                        "18.200.0.0/16",
                        "185.48.120.0/22",
                        "34.240.0.0/13",
                        "34.248.0.0/13",
                        "35.156.0.0/14",
                        "46.137.0.0/17",
                        "46.137.128.0/18",
                        "46.51.128.0/18",
                        "46.51.192.0/20",
                        "52.16.0.0/15",
                        "52.18.0.0/15",
                        "52.208.0.0/13",
                        "52.28.0.0/16",
                        "52.29.0.0/16",
                        "52.30.0.0/15",
                        "52.46.184.0/22",
                        "52.48.0.0/14",
                        "52.57.0.0/16",
                        "52.58.0.0/15",
                        "52.94.248.112/28",
                        "52.94.248.16/28",
                        "52.95.244.0/24",
                        "52.95.248.0/24",
                        "52.95.255.128/28",
                        "52.95.255.64/28",
                        "54.154.0.0/16",
                        "54.155.0.0/16",
                        "54.170.0.0/15",
                        "54.194.0.0/15",
                        "54.216.0.0/15",
                        "54.220.0.0/16",
                        "54.228.0.0/16",
                        "54.229.0.0/16",
                        "54.246.0.0/16",
                        "54.247.0.0/16",
                        "54.72.0.0/15",
                        "54.74.0.0/15",
                        "54.76.0.0/15",
                        "54.78.0.0/16",
                        "54.93.0.0/16",
                        "79.125.0.0/17"
                    ]
                }
            },
            "resources": {
                "aws_eip.nat": {
                    "type": "aws_eip",
                    "depends_on": [],
                    "primary": {
                        "id": "eipalloc-51e40a6d",
                        "attributes": {
                            "association_id": "eipassoc-762fdc8a",
                            "domain": "vpc",
                            "id": "eipalloc-51e40a6d",
                            "instance": "",
                            "network_interface": "eni-0b41352e",
                            "private_ip": "10.0.1.117",
                            "public_ip": "34.216.49.20",
                            "tags.%": "0",
                            "vpc": "true"
                        },
                        "meta": {},
                        "tainted": false
                    },
                    "deposed": [],
                    "provider": "provider.aws"
                },
                "aws_elb.elb": {
                    "type": "aws_elb",
                    "depends_on": [
                        "aws_security_group.load-balancer"
                    ],
                    "primary": {
                        "id": "Elastic-Vpc-Load-Balancer",
                        "attributes": {
                            "access_logs.#": "0",
                            "arn": "arn:aws:elasticloadbalancing:us-west-2:026415828610:loadbalancer/Elastic-Vpc-Load-Balancer",
                            "availability_zones.#": "2",
                            "availability_zones.221770259": "us-west-2b",
                            "availability_zones.2487133097": "us-west-2a",
                            "connection_draining": "false",
                            "connection_draining_timeout": "300",
                            "cross_zone_load_balancing": "true",
                            "dns_name": "Elastic-Vpc-Load-Balancer-1927491968.us-west-2.elb.amazonaws.com",
                            "health_check.#": "1",
                            "health_check.0.healthy_threshold": "2",
                            "health_check.0.interval": "30",
                            "health_check.0.target": "HTTP:80/index.html",
                            "health_check.0.timeout": "3",
                            "health_check.0.unhealthy_threshold": "2",
                            "id": "Elastic-Vpc-Load-Balancer",
                            "idle_timeout": "60",
                            "instances.#": "0",
                            "internal": "false",
                            "listener.#": "1",
                            "listener.3057123346.instance_port": "80",
                            "listener.3057123346.instance_protocol": "http",
                            "listener.3057123346.lb_port": "80",
                            "listener.3057123346.lb_protocol": "http",
                            "listener.3057123346.ssl_certificate_id": "",
                            "name": "Elastic-Vpc-Load-Balancer",
                            "security_groups.#": "1",
                            "security_groups.2023561798": "sg-60a9051f",
                            "source_security_group": "026415828610/load-balancer-policy",
                            "source_security_group_id": "sg-60a9051f",
                            "subnets.#": "2",
                            "subnets.1032054908": "subnet-be8598f6",
                            "subnets.3028024383": "subnet-902cdee9",
                            "tags.%": "1",
                            "tags.Name": "Load Balancer",
                            "zone_id": "Z1H1FL5HABSF5"
                        },
                        "meta": {},
                        "tainted": false
                    },
                    "deposed": [],
                    "provider": "provider.aws"
                },
                "aws_internet_gateway.main": {
                    "type": "aws_internet_gateway",
                    "depends_on": [
                        "aws_vpc.non-default"
                    ],
                    "primary": {
                        "id": "igw-481ab42e",
                        "attributes": {
                            "id": "igw-481ab42e",
                            "tags.%": "1",
                            "tags.Name": "Intenet-Gateway",
                            "vpc_id": "vpc-e206be9b"
                        },
                        "meta": {},
                        "tainted": false
                    },
                    "deposed": [],
                    "provider": "provider.aws"
                },
                "aws_key_pair.aws_key": {
                    "type": "aws_key_pair",
                    "depends_on": [],
                    "primary": {
                        "id": "myawskey",
                        "attributes": {
                            "fingerprint": "04:12:1a:22:39:0f:e6:d4:91:e3:a4:c5:f1:f7:90:46",
                            "id": "myawskey",
                            "key_name": "myawskey",
                            "public_key": "ssh-rsa AAAAB3NzaC1yc2EAAAADAQABAAABAQDEI7WQqhl/Xfr/47iIcoxLHT9Oq5crn5VHbsiadzU4UhPmdXBu4PjBBYL+mC4ezHDnOPKTGa2qgbMd0VMJpsE02xQms3lIgrbHhWwHhXdBvUE3G7ocablj3uo6eh2fbPoKzFdWRhfSfo5LdozIqiMMAYbSD2UR4rlJitRflghtZGmszpdynDY3Rz8xKMQ3cI2f8VxoiFyrxhgsaqNqGMI6p12UiUSI9MvH2m+FH172Ak+K8HAXvDspFXC0v84pUysZ62p1b52xc3/zrR+XTrYjmcWvp+GryjyF4fBq1luacRVc2J2P002NruVXo9Gv2oJswxBxlCjHB60vuM4HjBoL prajjavalgupta@prajjavals-MacBook-Pro.local"
                        },
                        "meta": {
                            "schema_version": "1"
                        },
                        "tainted": false
                    },
                    "deposed": [],
                    "provider": "provider.aws"
                },
                "aws_launch_configuration.launch-conf": {
                    "type": "aws_launch_configuration",
                    "depends_on": [
                        "aws_security_group.load-balancer-instance"
                    ],
                    "primary": {
                        "id": "terraform example20180208045139946500000001",
                        "attributes": {
                            "associate_public_ip_address": "false",
                            "ebs_block_device.#": "0",
                            "ebs_optimized": "false",
                            "enable_monitoring": "true",
                            "ephemeral_block_device.#": "0",
                            "iam_instance_profile": "",
                            "id": "terraform example20180208045139946500000001",
                            "image_id": "ami-d47182ac",
                            "instance_type": "t2.micro",
                            "key_name": "myawskey",
                            "name": "terraform example20180208045139946500000001",
                            "name_prefix": "terraform example",
                            "root_block_device.#": "0",
                            "security_groups.#": "1",
                            "security_groups.1588986934": "sg-e1aa069e",
                            "spot_price": "",
                            "vpc_classic_link_id": "",
                            "vpc_classic_link_security_groups.#": "0"
                        },
                        "meta": {},
                        "tainted": false
                    },
                    "deposed": [],
                    "provider": "provider.aws"
                },
                "aws_nat_gateway.gw": {
                    "type": "aws_nat_gateway",
                    "depends_on": [
                        "aws_eip.nat",
                        "aws_subnet.public-subnet"
                    ],
                    "primary": {
                        "id": "nat-027f96cd6d8e30c6d",
                        "attributes": {
                            "allocation_id": "eipalloc-51e40a6d",
                            "id": "nat-027f96cd6d8e30c6d",
                            "network_interface_id": "eni-0b41352e",
                            "private_ip": "10.0.1.117",
                            "public_ip": "34.216.49.20",
                            "subnet_id": "subnet-902cdee9",
                            "tags.%": "1",
                            "tags.Name": "gw NAT"
                        },
                        "meta": {},
                        "tainted": false
                    },
                    "deposed": [],
                    "provider": "provider.aws"
                },
                "aws_network_interface.foo": {
                    "type": "aws_network_interface",
                    "depends_on": [
                        "aws_subnet.private-subnet"
                    ],
                    "primary": {
                        "id": "eni-5cee8568",
                        "attributes": {
                            "attachment.#": "0",
                            "description": "",
                            "id": "eni-5cee8568",
                            "private_dns_name": "",
                            "private_ip": "10.0.2.193",
                            "private_ips.#": "1",
                            "private_ips.1010999346": "10.0.2.193",
                            "security_groups.#": "1",
                            "security_groups.3119140417": "sg-3e842941",
                            "source_dest_check": "true",
                            "subnet_id": "subnet-ec8598a4",
                            "tags.%": "1",
                            "tags.Name": "primary_network_interface"
                        },
                        "meta": {},
                        "tainted": false
                    },
                    "deposed": [],
                    "provider": "provider.aws"
                },
                "aws_route_table.r": {
                    "type": "aws_route_table",
                    "depends_on": [
                        "aws_internet_gateway.main",
                        "aws_vpc.non-default"
                    ],
                    "primary": {
                        "id": "rtb-ba4feac2",
                        "attributes": {
                            "id": "rtb-ba4feac2",
                            "propagating_vgws.#": "0",
                            "route.#": "1",
                            "route.3547238501.cidr_block": "0.0.0.0/0",
                            "route.3547238501.egress_only_gateway_id": "",
                            "route.3547238501.gateway_id": "igw-481ab42e",
                            "route.3547238501.instance_id": "",
                            "route.3547238501.ipv6_cidr_block": "",
                            "route.3547238501.nat_gateway_id": "",
                            "route.3547238501.network_interface_id": "",
                            "route.3547238501.vpc_peering_connection_id": "",
                            "tags.%": "1",
                            "tags.Name": "public-route-table",
                            "vpc_id": "vpc-e206be9b"
                        },
                        "meta": {},
                        "tainted": false
                    },
                    "deposed": [],
                    "provider": "provider.aws"
                },
                "aws_route_table.rn": {
                    "type": "aws_route_table",
                    "depends_on": [
                        "aws_nat_gateway.gw",
                        "aws_vpc.non-default"
                    ],
                    "primary": {
                        "id": "rtb-874de8ff",
                        "attributes": {
                            "id": "rtb-874de8ff",
                            "propagating_vgws.#": "0",
                            "route.#": "1",
                            "route.3076978808.cidr_block": "0.0.0.0/0",
                            "route.3076978808.egress_only_gateway_id": "",
                            "route.3076978808.gateway_id": "",
                            "route.3076978808.instance_id": "",
                            "route.3076978808.ipv6_cidr_block": "",
                            "route.3076978808.nat_gateway_id": "nat-027f96cd6d8e30c6d",
                            "route.3076978808.network_interface_id": "",
                            "route.3076978808.vpc_peering_connection_id": "",
                            "tags.%": "1",
                            "tags.Name": "private-route-table",
                            "vpc_id": "vpc-e206be9b"
                        },
                        "meta": {},
                        "tainted": false
                    },
                    "deposed": [],
                    "provider": "provider.aws"
                },
                "aws_route_table_association.assosiation": {
                    "type": "aws_route_table_association",
                    "depends_on": [
                        "aws_route_table.r",
                        "aws_subnet.public-subnet"
                    ],
                    "primary": {
                        "id": "rtbassoc-d23f30a9",
                        "attributes": {
                            "id": "rtbassoc-d23f30a9",
                            "route_table_id": "rtb-ba4feac2",
                            "subnet_id": "subnet-902cdee9"
                        },
                        "meta": {},
                        "tainted": false
                    },
                    "deposed": [],
                    "provider": "provider.aws"
                },
                "aws_route_table_association.assosiation2": {
                    "type": "aws_route_table_association",
                    "depends_on": [
                        "aws_route_table.rn",
                        "aws_subnet.private-subnet"
                    ],
                    "primary": {
                        "id": "rtbassoc-e93d3292",
                        "attributes": {
                            "id": "rtbassoc-e93d3292",
                            "route_table_id": "rtb-874de8ff",
                            "subnet_id": "subnet-ec8598a4"
                        },
                        "meta": {},
                        "tainted": false
                    },
                    "deposed": [],
                    "provider": "provider.aws"
                },
                "aws_route_table_association.assosiation3": {
                    "type": "aws_route_table_association",
                    "depends_on": [
                        "aws_route_table.r",
                        "aws_subnet.public-subnet2"
                    ],
                    "primary": {
                        "id": "rtbassoc-d33f30a8",
                        "attributes": {
                            "id": "rtbassoc-d33f30a8",
                            "route_table_id": "rtb-ba4feac2",
                            "subnet_id": "subnet-be8598f6"
                        },
                        "meta": {},
                        "tainted": false
                    },
                    "deposed": [],
                    "provider": "provider.aws"
                },
                "aws_security_group.allow_all": {
                    "type": "aws_security_group",
                    "depends_on": [],
                    "primary": {
                        "id": "sg-a28528dd",
                        "attributes": {
                            "description": "Allow all inbound traffic",
                            "egress.#": "0",
                            "id": "sg-a28528dd",
                            "ingress.#": "1",
                            "ingress.2541437006.cidr_blocks.#": "1",
                            "ingress.2541437006.cidr_blocks.0": "0.0.0.0/0",
                            "ingress.2541437006.description": "",
                            "ingress.2541437006.from_port": "22",
                            "ingress.2541437006.ipv6_cidr_blocks.#": "0",
                            "ingress.2541437006.protocol": "tcp",
                            "ingress.2541437006.security_groups.#": "0",
                            "ingress.2541437006.self": "false",
                            "ingress.2541437006.to_port": "22",
                            "name": "allow-all",
                            "owner_id": "026415828610",
                            "revoke_rules_on_delete": "false",
                            "tags.%": "0",
                            "vpc_id": "vpc-40d14a26"
                        },
                        "meta": {
                            "schema_version": "1"
                        },
                        "tainted": false
                    },
                    "deposed": [],
                    "provider": "provider.aws"
                },
                "aws_security_group.load-balancer": {
                    "type": "aws_security_group",
                    "depends_on": [
                        "aws_vpc.non-default"
                    ],
                    "primary": {
                        "id": "sg-60a9051f",
                        "attributes": {
                            "description": "Allow all inbound traffic",
                            "egress.#": "1",
                            "egress.3011536682.cidr_blocks.#": "0",
                            "egress.3011536682.description": "",
                            "egress.3011536682.from_port": "80",
                            "egress.3011536682.ipv6_cidr_blocks.#": "0",
                            "egress.3011536682.prefix_list_ids.#": "0",
                            "egress.3011536682.protocol": "tcp",
                            "egress.3011536682.security_groups.#": "1",
                            "egress.3011536682.security_groups.1588986934": "sg-e1aa069e",
                            "egress.3011536682.self": "false",
                            "egress.3011536682.to_port": "80",
                            "id": "sg-60a9051f",
                            "ingress.#": "1",
                            "ingress.2214680975.cidr_blocks.#": "1",
                            "ingress.2214680975.cidr_blocks.0": "0.0.0.0/0",
                            "ingress.2214680975.description": "",
                            "ingress.2214680975.from_port": "80",
                            "ingress.2214680975.ipv6_cidr_blocks.#": "0",
                            "ingress.2214680975.protocol": "tcp",
                            "ingress.2214680975.security_groups.#": "0",
                            "ingress.2214680975.self": "false",
                            "ingress.2214680975.to_port": "80",
                            "name": "load-balancer-policy",
                            "owner_id": "026415828610",
                            "revoke_rules_on_delete": "false",
                            "tags.%": "0",
                            "vpc_id": "vpc-e206be9b"
                        },
                        "meta": {
                            "schema_version": "1"
                        },
                        "tainted": false
                    },
                    "deposed": [],
                    "provider": "provider.aws"
                },
                "aws_security_group.load-balancer-instance": {
                    "type": "aws_security_group",
                    "depends_on": [
                        "aws_vpc.non-default"
                    ],
                    "primary": {
                        "id": "sg-e1aa069e",
                        "attributes": {
                            "description": "Allow all inbound traffic",
                            "egress.#": "1",
                            "egress.2214680975.cidr_blocks.#": "1",
                            "egress.2214680975.cidr_blocks.0": "0.0.0.0/0",
                            "egress.2214680975.description": "",
                            "egress.2214680975.from_port": "80",
                            "egress.2214680975.ipv6_cidr_blocks.#": "0",
                            "egress.2214680975.prefix_list_ids.#": "0",
                            "egress.2214680975.protocol": "tcp",
                            "egress.2214680975.security_groups.#": "0",
                            "egress.2214680975.self": "false",
                            "egress.2214680975.to_port": "80",
                            "id": "sg-e1aa069e",
                            "ingress.#": "1",
                            "ingress.3819126024.cidr_blocks.#": "0",
                            "ingress.3819126024.description": "",
                            "ingress.3819126024.from_port": "80",
                            "ingress.3819126024.ipv6_cidr_blocks.#": "0",
                            "ingress.3819126024.protocol": "tcp",
                            "ingress.3819126024.security_groups.#": "1",
                            "ingress.3819126024.security_groups.2023561798": "sg-60a9051f",
                            "ingress.3819126024.self": "false",
                            "ingress.3819126024.to_port": "80",
                            "name": "load-balancer-instance-policy",
                            "owner_id": "026415828610",
                            "revoke_rules_on_delete": "false",
                            "tags.%": "0",
                            "vpc_id": "vpc-e206be9b"
                        },
                        "meta": {
                            "schema_version": "1"
                        },
                        "tainted": false
                    },
                    "deposed": [],
                    "provider": "provider.aws"
                },
                "aws_security_group.private_security": {
                    "type": "aws_security_group",
                    "depends_on": [
                        "aws_vpc.non-default"
                    ],
                    "primary": {
                        "id": "sg-55862b2a",
                        "attributes": {
                            "description": "Allow all inbound traffic",
                            "egress.#": "0",
                            "id": "sg-55862b2a",
                            "ingress.#": "1",
                            "ingress.2541437006.cidr_blocks.#": "1",
                            "ingress.2541437006.cidr_blocks.0": "0.0.0.0/0",
                            "ingress.2541437006.description": "",
                            "ingress.2541437006.from_port": "22",
                            "ingress.2541437006.ipv6_cidr_blocks.#": "0",
                            "ingress.2541437006.protocol": "tcp",
                            "ingress.2541437006.security_groups.#": "0",
                            "ingress.2541437006.self": "false",
                            "ingress.2541437006.to_port": "22",
                            "name": "nat-security_groups",
                            "owner_id": "026415828610",
                            "revoke_rules_on_delete": "false",
                            "tags.%": "0",
                            "vpc_id": "vpc-e206be9b"
                        },
                        "meta": {
                            "schema_version": "1"
                        },
                        "tainted": false
                    },
                    "deposed": [],
                    "provider": "provider.aws"
                },
                "aws_security_group_rule.load-balancer-instance-rule": {
                    "type": "aws_security_group_rule",
                    "depends_on": [
                        "aws_security_group.load-balancer",
                        "aws_security_group.load-balancer-instance"
                    ],
                    "primary": {
                        "id": "sgrule-1610126957",
                        "attributes": {
                            "cidr_blocks.#": "0",
                            "description": "",
                            "from_port": "80",
                            "id": "sgrule-1610126957",
                            "ipv6_cidr_blocks.#": "0",
                            "prefix_list_ids.#": "0",
                            "protocol": "tcp",
                            "security_group_id": "sg-e1aa069e",
                            "self": "false",
                            "source_security_group_id": "sg-60a9051f",
                            "to_port": "80",
                            "type": "ingress"
                        },
                        "meta": {
                            "schema_version": "2"
                        },
                        "tainted": false
                    },
                    "deposed": [],
                    "provider": "provider.aws"
                },
                "aws_security_group_rule.load-balancer-rule": {
                    "type": "aws_security_group_rule",
                    "depends_on": [
                        "aws_security_group.load-balancer",
                        "aws_security_group.load-balancer-instance"
                    ],
                    "primary": {
                        "id": "sgrule-2953577695",
                        "attributes": {
                            "cidr_blocks.#": "0",
                            "description": "",
                            "from_port": "80",
                            "id": "sgrule-2953577695",
                            "ipv6_cidr_blocks.#": "0",
                            "prefix_list_ids.#": "0",
                            "protocol": "tcp",
                            "security_group_id": "sg-60a9051f",
                            "self": "false",
                            "source_security_group_id": "sg-e1aa069e",
                            "to_port": "80",
                            "type": "egress"
                        },
                        "meta": {
                            "schema_version": "2"
                        },
                        "tainted": false
                    },
                    "deposed": [],
                    "provider": "provider.aws"
                },
                "aws_subnet.private-subnet": {
                    "type": "aws_subnet",
                    "depends_on": [
                        "aws_vpc.non-default"
                    ],
                    "primary": {
                        "id": "subnet-ec8598a4",
                        "attributes": {
                            "assign_ipv6_address_on_creation": "false",
                            "availability_zone": "us-west-2a",
                            "cidr_block": "10.0.2.0/24",
                            "id": "subnet-ec8598a4",
                            "map_public_ip_on_launch": "false",
                            "tags.%": "1",
                            "tags.Name": "private-subnet",
                            "vpc_id": "vpc-e206be9b"
                        },
                        "meta": {
                            "schema_version": "1"
                        },
                        "tainted": false
                    },
                    "deposed": [],
                    "provider": "provider.aws"
                },
                "aws_subnet.public-subnet": {
                    "type": "aws_subnet",
                    "depends_on": [
                        "aws_vpc.non-default"
                    ],
                    "primary": {
                        "id": "subnet-902cdee9",
                        "attributes": {
                            "assign_ipv6_address_on_creation": "false",
                            "availability_zone": "us-west-2b",
                            "cidr_block": "10.0.1.0/24",
                            "id": "subnet-902cdee9",
                            "map_public_ip_on_launch": "false",
                            "tags.%": "1",
                            "tags.Name": "public-subnet",
                            "vpc_id": "vpc-e206be9b"
                        },
                        "meta": {
                            "schema_version": "1"
                        },
                        "tainted": false
                    },
                    "deposed": [],
                    "provider": "provider.aws"
                },
                "aws_subnet.public-subnet2": {
                    "type": "aws_subnet",
                    "depends_on": [
                        "aws_vpc.non-default"
                    ],
                    "primary": {
                        "id": "subnet-be8598f6",
                        "attributes": {
                            "assign_ipv6_address_on_creation": "false",
                            "availability_zone": "us-west-2a",
                            "cidr_block": "10.0.3.0/24",
                            "id": "subnet-be8598f6",
                            "map_public_ip_on_launch": "false",
                            "tags.%": "1",
                            "tags.Name": "public-subnet2",
                            "vpc_id": "vpc-e206be9b"
                        },
                        "meta": {
                            "schema_version": "1"
                        },
                        "tainted": false
                    },
                    "deposed": [],
                    "provider": "provider.aws"
                },
                "aws_vpc.non-default": {
                    "type": "aws_vpc",
                    "depends_on": [],
                    "primary": {
                        "id": "vpc-e206be9b",
                        "attributes": {
                            "assign_generated_ipv6_cidr_block": "false",
                            "cidr_block": "10.0.0.0/16",
                            "default_network_acl_id": "acl-03e1dd7a",
                            "default_route_table_id": "rtb-634eeb1b",
                            "default_security_group_id": "sg-3e842941",
                            "dhcp_options_id": "dopt-a9de04cf",
                            "enable_classiclink": "false",
                            "enable_classiclink_dns_support": "false",
                            "enable_dns_hostnames": "false",
                            "enable_dns_support": "true",
                            "id": "vpc-e206be9b",
                            "instance_tenancy": "default",
                            "main_route_table_id": "rtb-634eeb1b",
                            "tags.%": "1",
                            "tags.Name": "Non-default-VPC"
                        },
                        "meta": {
                            "schema_version": "1"
                        },
                        "tainted": false
                    },
                    "deposed": [],
                    "provider": "provider.aws"
                },
                "data.aws_ip_ranges.european_ec2": {
                    "type": "aws_ip_ranges",
                    "depends_on": [],
                    "primary": {
                        "id": "1518039729",
                        "attributes": {
                            "cidr_blocks.#": "45",
                            "cidr_blocks.0": "176.34.128.0/17",
                            "cidr_blocks.1": "176.34.64.0/18",
                            "cidr_blocks.10": "46.137.128.0/18",
                            "cidr_blocks.11": "46.51.128.0/18",
                            "cidr_blocks.12": "46.51.192.0/20",
                            "cidr_blocks.13": "52.16.0.0/15",
                            "cidr_blocks.14": "52.18.0.0/15",
                            "cidr_blocks.15": "52.208.0.0/13",
                            "cidr_blocks.16": "52.28.0.0/16",
                            "cidr_blocks.17": "52.29.0.0/16",
                            "cidr_blocks.18": "52.30.0.0/15",
                            "cidr_blocks.19": "52.46.184.0/22",
                            "cidr_blocks.2": "18.194.0.0/15",
                            "cidr_blocks.20": "52.48.0.0/14",
                            "cidr_blocks.21": "52.57.0.0/16",
                            "cidr_blocks.22": "52.58.0.0/15",
                            "cidr_blocks.23": "52.94.248.112/28",
                            "cidr_blocks.24": "52.94.248.16/28",
                            "cidr_blocks.25": "52.95.244.0/24",
                            "cidr_blocks.26": "52.95.248.0/24",
                            "cidr_blocks.27": "52.95.255.128/28",
                            "cidr_blocks.28": "52.95.255.64/28",
                            "cidr_blocks.29": "54.154.0.0/16",
                            "cidr_blocks.3": "18.196.0.0/15",
                            "cidr_blocks.30": "54.155.0.0/16",
                            "cidr_blocks.31": "54.170.0.0/15",
                            "cidr_blocks.32": "54.194.0.0/15",
                            "cidr_blocks.33": "54.216.0.0/15",
                            "cidr_blocks.34": "54.220.0.0/16",
                            "cidr_blocks.35": "54.228.0.0/16",
                            "cidr_blocks.36": "54.229.0.0/16",
                            "cidr_blocks.37": "54.246.0.0/16",
                            "cidr_blocks.38": "54.247.0.0/16",
                            "cidr_blocks.39": "54.72.0.0/15",
                            "cidr_blocks.4": "18.200.0.0/16",
                            "cidr_blocks.40": "54.74.0.0/15",
                            "cidr_blocks.41": "54.76.0.0/15",
                            "cidr_blocks.42": "54.78.0.0/16",
                            "cidr_blocks.43": "54.93.0.0/16",
                            "cidr_blocks.44": "79.125.0.0/17",
                            "cidr_blocks.5": "185.48.120.0/22",
                            "cidr_blocks.6": "34.240.0.0/13",
                            "cidr_blocks.7": "34.248.0.0/13",
                            "cidr_blocks.8": "35.156.0.0/14",
                            "cidr_blocks.9": "46.137.0.0/17",
                            "create_date": "2018-02-07-21-42-09",
                            "id": "1518039729",
                            "regions.#": "2",
                            "regions.1612296418": "eu-west-1",
                            "regions.3365971835": "eu-central-1",
                            "services.#": "1",
                            "services.995495937": "ec2",
                            "sync_token": "1518039729"
                        },
                        "meta": {},
                        "tainted": false
                    },
                    "deposed": [],
                    "provider": "provider.aws"
                }
            },
            "depends_on": []
        }
    ]
}
