{
    "version": 3,
    "terraform_version": "0.11.3",
    "serial": 24,
    "lineage": "54cfb818-86aa-4f15-92ef-aca8e0d13b17",
    "modules": [
        {
            "path": [
                "root"
            ],
            "outputs": {
                "aws_vpc": {
                    "sensitive": false,
                    "type": "string",
                    "value": "vpc-a57cc2dc"
                },
                "cidr": {
                    "sensitive": false,
                    "type": "list",
                    "value": [
                        "176.34.128.0/17",
                        "176.34.64.0/18",
                        "18.194.0.0/15",
                        "18.196.0.0/15",
                        "18.200.0.0/16",
                        "185.48.120.0/22",
                        "34.240.0.0/13",
                        "34.248.0.0/13",
                        "35.156.0.0/14",
                        "46.137.0.0/17",
                        "46.137.128.0/18",
                        "46.51.128.0/18",
                        "46.51.192.0/20",
                        "52.16.0.0/15",
                        "52.18.0.0/15",
                        "52.208.0.0/13",
                        "52.28.0.0/16",
                        "52.29.0.0/16",
                        "52.30.0.0/15",
                        "52.46.184.0/22",
                        "52.48.0.0/14",
                        "52.57.0.0/16",
                        "52.58.0.0/15",
                        "52.94.248.112/28",
                        "52.94.248.16/28",
                        "52.95.244.0/24",
                        "52.95.248.0/24",
                        "52.95.255.128/28",
                        "52.95.255.64/28",
                        "54.154.0.0/16",
                        "54.155.0.0/16",
                        "54.170.0.0/15",
                        "54.194.0.0/15",
                        "54.216.0.0/15",
                        "54.220.0.0/16",
                        "54.228.0.0/16",
                        "54.229.0.0/16",
                        "54.246.0.0/16",
                        "54.247.0.0/16",
                        "54.72.0.0/15",
                        "54.74.0.0/15",
                        "54.76.0.0/15",
                        "54.78.0.0/16",
                        "54.93.0.0/16",
                        "79.125.0.0/17"
                    ]
                },
                "ip": {
                    "sensitive": false,
                    "type": "string",
                    "value": "52.34.113.124"
                }
            },
            "resources": {
                "aws_eip.nat": {
                    "type": "aws_eip",
                    "depends_on": [],
                    "primary": {
                        "id": "eipalloc-f44ea2c8",
                        "attributes": {
                            "association_id": "eipassoc-4b58a9b7",
                            "domain": "vpc",
                            "id": "eipalloc-f44ea2c8",
                            "instance": "",
                            "network_interface": "eni-0ec8ab2b",
                            "private_ip": "10.0.1.128",
                            "public_ip": "35.164.4.16",
                            "tags.%": "0",
                            "vpc": "true"
                        },
                        "meta": {},
                        "tainted": false
                    },
                    "deposed": [],
                    "provider": "provider.aws"
                },
                "aws_instance.instance1": {
                    "type": "aws_instance",
                    "depends_on": [
                        "aws_key_pair.aws_key"
                    ],
                    "primary": {
                        "id": "i-01126dd2aa9d901cf",
                        "attributes": {
                            "ami": "ami-d47182ac",
                            "associate_public_ip_address": "true",
                            "availability_zone": "us-west-2a",
                            "disable_api_termination": "false",
                            "ebs_block_device.#": "0",
                            "ebs_optimized": "false",
                            "ephemeral_block_device.#": "0",
                            "iam_instance_profile": "",
                            "id": "i-01126dd2aa9d901cf",
                            "instance_state": "running",
                            "instance_type": "t2.micro",
                            "ipv6_addresses.#": "0",
                            "key_name": "myawskey",
                            "monitoring": "false",
                            "network_interface.#": "0",
                            "network_interface_id": "eni-0dd44f39",
                            "placement_group": "",
                            "primary_network_interface_id": "eni-0dd44f39",
                            "private_dns": "ip-172-31-35-119.us-west-2.compute.internal",
                            "private_ip": "172.31.35.119",
                            "public_dns": "ec2-52-34-113-124.us-west-2.compute.amazonaws.com",
                            "public_ip": "52.34.113.124",
                            "root_block_device.#": "1",
                            "root_block_device.0.delete_on_termination": "true",
                            "root_block_device.0.iops": "100",
                            "root_block_device.0.volume_id": "vol-044f7bb2cfd71b3ab",
                            "root_block_device.0.volume_size": "8",
                            "root_block_device.0.volume_type": "gp2",
                            "security_groups.#": "1",
                            "security_groups.1108495440": "allow-all",
                            "source_dest_check": "true",
                            "subnet_id": "subnet-011cd549",
                            "tags.%": "0",
                            "tenancy": "default",
                            "volume_tags.%": "0",
                            "vpc_security_group_ids.#": "0"
                        },
                        "meta": {
                            "e2bfb730-ecaa-11e6-8f88-34363bc7c4c0": {
                                "create": 600000000000,
                                "delete": 600000000000,
                                "update": 600000000000
                            },
                            "schema_version": "1"
                        },
                        "tainted": false
                    },
                    "deposed": [],
                    "provider": "provider.aws"
                },
                "aws_instance.private": {
                    "type": "aws_instance",
                    "depends_on": [
                        "aws_key_pair.aws_key",
                        "aws_security_group.private_security",
                        "aws_subnet.private-subnet"
                    ],
                    "primary": {
                        "id": "i-0f1a479a2c6704617",
                        "attributes": {
                            "ami": "ami-d47182ac",
                            "associate_public_ip_address": "false",
                            "availability_zone": "us-west-2a",
                            "disable_api_termination": "false",
                            "ebs_block_device.#": "0",
                            "ebs_optimized": "false",
                            "ephemeral_block_device.#": "0",
                            "iam_instance_profile": "",
                            "id": "i-0f1a479a2c6704617",
                            "instance_state": "running",
                            "instance_type": "t2.micro",
                            "ipv6_addresses.#": "0",
                            "key_name": "myawskey",
                            "monitoring": "false",
                            "network_interface.#": "0",
                            "network_interface_id": "eni-986c0cac",
                            "placement_group": "",
                            "primary_network_interface_id": "eni-986c0cac",
                            "private_dns": "ip-10-0-2-5.us-west-2.compute.internal",
                            "private_ip": "10.0.2.5",
                            "public_dns": "",
                            "public_ip": "",
                            "root_block_device.#": "1",
                            "root_block_device.0.delete_on_termination": "true",
                            "root_block_device.0.iops": "100",
                            "root_block_device.0.volume_id": "vol-016b21ca89897af19",
                            "root_block_device.0.volume_size": "8",
                            "root_block_device.0.volume_type": "gp2",
                            "security_groups.#": "0",
                            "source_dest_check": "false",
                            "subnet_id": "subnet-5673611e",
                            "tags.%": "1",
                            "tags.Name": "Private Subnet",
                            "tenancy": "default",
                            "volume_tags.%": "0",
                            "vpc_security_group_ids.#": "1",
                            "vpc_security_group_ids.2814959430": "sg-a30fa8dc"
                        },
                        "meta": {
                            "e2bfb730-ecaa-11e6-8f88-34363bc7c4c0": {
                                "create": 600000000000,
                                "delete": 600000000000,
                                "update": 600000000000
                            },
                            "schema_version": "1"
                        },
                        "tainted": false
                    },
                    "deposed": [],
                    "provider": "provider.aws"
                },
                "aws_internet_gateway.main": {
                    "type": "aws_internet_gateway",
                    "depends_on": [
                        "aws_vpc.non-default"
                    ],
                    "primary": {
                        "id": "igw-8d8629eb",
                        "attributes": {
                            "id": "igw-8d8629eb",
                            "tags.%": "1",
                            "tags.Name": "Intenet-Gateway",
                            "vpc_id": "vpc-a57cc2dc"
                        },
                        "meta": {},
                        "tainted": false
                    },
                    "deposed": [],
                    "provider": "provider.aws"
                },
                "aws_key_pair.aws_key": {
                    "type": "aws_key_pair",
                    "depends_on": [],
                    "primary": {
                        "id": "myawskey",
                        "attributes": {
                            "fingerprint": "04:12:1a:22:39:0f:e6:d4:91:e3:a4:c5:f1:f7:90:46",
                            "id": "myawskey",
                            "key_name": "myawskey",
                            "public_key": "ssh-rsa AAAAB3NzaC1yc2EAAAADAQABAAABAQDEI7WQqhl/Xfr/47iIcoxLHT9Oq5crn5VHbsiadzU4UhPmdXBu4PjBBYL+mC4ezHDnOPKTGa2qgbMd0VMJpsE02xQms3lIgrbHhWwHhXdBvUE3G7ocablj3uo6eh2fbPoKzFdWRhfSfo5LdozIqiMMAYbSD2UR4rlJitRflghtZGmszpdynDY3Rz8xKMQ3cI2f8VxoiFyrxhgsaqNqGMI6p12UiUSI9MvH2m+FH172Ak+K8HAXvDspFXC0v84pUysZ62p1b52xc3/zrR+XTrYjmcWvp+GryjyF4fBq1luacRVc2J2P002NruVXo9Gv2oJswxBxlCjHB60vuM4HjBoL prajjavalgupta@prajjavals-MacBook-Pro.local"
                        },
                        "meta": {
                            "schema_version": "1"
                        },
                        "tainted": false
                    },
                    "deposed": [],
                    "provider": "provider.aws"
                },
                "aws_nat_gateway.gw": {
                    "type": "aws_nat_gateway",
                    "depends_on": [
                        "aws_eip.nat",
                        "aws_subnet.public-subnet"
                    ],
                    "primary": {
                        "id": "nat-0ec1eb92ea910f1de",
                        "attributes": {
                            "allocation_id": "eipalloc-f44ea2c8",
                            "id": "nat-0ec1eb92ea910f1de",
                            "network_interface_id": "eni-0ec8ab2b",
                            "private_ip": "10.0.1.128",
                            "public_ip": "35.164.4.16",
                            "subnet_id": "subnet-ca52a2b3",
                            "tags.%": "1",
                            "tags.Name": "gw NAT"
                        },
                        "meta": {},
                        "tainted": false
                    },
                    "deposed": [],
                    "provider": "provider.aws"
                },
                "aws_network_interface.foo": {
                    "type": "aws_network_interface",
                    "depends_on": [
                        "aws_subnet.private-subnet"
                    ],
                    "primary": {
                        "id": "eni-926b0ba6",
                        "attributes": {
                            "attachment.#": "0",
                            "description": "",
                            "id": "eni-926b0ba6",
                            "private_dns_name": "",
                            "private_ip": "10.0.2.219",
                            "private_ips.#": "1",
                            "private_ips.369655165": "10.0.2.219",
                            "security_groups.#": "1",
                            "security_groups.3714075645": "sg-9cad0ae3",
                            "source_dest_check": "true",
                            "subnet_id": "subnet-5673611e",
                            "tags.%": "1",
                            "tags.Name": "primary_network_interface"
                        },
                        "meta": {},
                        "tainted": false
                    },
                    "deposed": [],
                    "provider": "provider.aws"
                },
                "aws_route_table.r": {
                    "type": "aws_route_table",
                    "depends_on": [
                        "aws_internet_gateway.main",
                        "aws_vpc.non-default"
                    ],
                    "primary": {
                        "id": "rtb-040ad27c",
                        "attributes": {
                            "id": "rtb-040ad27c",
                            "propagating_vgws.#": "0",
                            "route.#": "1",
                            "route.1956174010.cidr_block": "0.0.0.0/0",
                            "route.1956174010.egress_only_gateway_id": "",
                            "route.1956174010.gateway_id": "igw-8d8629eb",
                            "route.1956174010.instance_id": "",
                            "route.1956174010.ipv6_cidr_block": "",
                            "route.1956174010.nat_gateway_id": "",
                            "route.1956174010.network_interface_id": "",
                            "route.1956174010.vpc_peering_connection_id": "",
                            "tags.%": "1",
                            "tags.Name": "public-route-table",
                            "vpc_id": "vpc-a57cc2dc"
                        },
                        "meta": {},
                        "tainted": false
                    },
                    "deposed": [],
                    "provider": "provider.aws"
                },
                "aws_route_table.rn": {
                    "type": "aws_route_table",
                    "depends_on": [
                        "aws_nat_gateway.gw",
                        "aws_vpc.non-default"
                    ],
                    "primary": {
                        "id": "rtb-fd528a85",
                        "attributes": {
                            "id": "rtb-fd528a85",
                            "propagating_vgws.#": "0",
                            "route.#": "1",
                            "route.4004604508.cidr_block": "0.0.0.0/0",
                            "route.4004604508.egress_only_gateway_id": "",
                            "route.4004604508.gateway_id": "",
                            "route.4004604508.instance_id": "",
                            "route.4004604508.ipv6_cidr_block": "",
                            "route.4004604508.nat_gateway_id": "nat-0ec1eb92ea910f1de",
                            "route.4004604508.network_interface_id": "",
                            "route.4004604508.vpc_peering_connection_id": "",
                            "tags.%": "1",
                            "tags.Name": "private-route-table",
                            "vpc_id": "vpc-a57cc2dc"
                        },
                        "meta": {},
                        "tainted": false
                    },
                    "deposed": [],
                    "provider": "provider.aws"
                },
                "aws_route_table_association.assosiation": {
                    "type": "aws_route_table_association",
                    "depends_on": [
                        "aws_route_table.r",
                        "aws_subnet.public-subnet"
                    ],
                    "primary": {
                        "id": "rtbassoc-5c383b27",
                        "attributes": {
                            "id": "rtbassoc-5c383b27",
                            "route_table_id": "rtb-040ad27c",
                            "subnet_id": "subnet-ca52a2b3"
                        },
                        "meta": {},
                        "tainted": false
                    },
                    "deposed": [],
                    "provider": "provider.aws"
                },
                "aws_route_table_association.assosiation2": {
                    "type": "aws_route_table_association",
                    "depends_on": [
                        "aws_route_table.rn",
                        "aws_subnet.private-subnet"
                    ],
                    "primary": {
                        "id": "rtbassoc-9e9390e5",
                        "attributes": {
                            "id": "rtbassoc-9e9390e5",
                            "route_table_id": "rtb-fd528a85",
                            "subnet_id": "subnet-5673611e"
                        },
                        "meta": {},
                        "tainted": false
                    },
                    "deposed": [],
                    "provider": "provider.aws"
                },
                "aws_security_group.allow_all": {
                    "type": "aws_security_group",
                    "depends_on": [],
                    "primary": {
                        "id": "sg-1ec11b61",
                        "attributes": {
                            "description": "Allow all inbound traffic",
                            "egress.#": "0",
                            "id": "sg-1ec11b61",
                            "ingress.#": "1",
                            "ingress.2541437006.cidr_blocks.#": "1",
                            "ingress.2541437006.cidr_blocks.0": "0.0.0.0/0",
                            "ingress.2541437006.description": "",
                            "ingress.2541437006.from_port": "22",
                            "ingress.2541437006.ipv6_cidr_blocks.#": "0",
                            "ingress.2541437006.protocol": "tcp",
                            "ingress.2541437006.security_groups.#": "0",
                            "ingress.2541437006.self": "false",
                            "ingress.2541437006.to_port": "22",
                            "name": "allow-all",
                            "owner_id": "026415828610",
                            "revoke_rules_on_delete": "false",
                            "tags.%": "0",
                            "vpc_id": "vpc-40d14a26"
                        },
                        "meta": {
                            "schema_version": "1"
                        },
                        "tainted": false
                    },
                    "deposed": [],
                    "provider": "provider.aws"
                },
                "aws_security_group.private_security": {
                    "type": "aws_security_group",
                    "depends_on": [
                        "aws_vpc.non-default"
                    ],
                    "primary": {
                        "id": "sg-a30fa8dc",
                        "attributes": {
                            "description": "Allow all inbound traffic",
                            "egress.#": "0",
                            "id": "sg-a30fa8dc",
                            "ingress.#": "1",
                            "ingress.2541437006.cidr_blocks.#": "1",
                            "ingress.2541437006.cidr_blocks.0": "0.0.0.0/0",
                            "ingress.2541437006.description": "",
                            "ingress.2541437006.from_port": "22",
                            "ingress.2541437006.ipv6_cidr_blocks.#": "0",
                            "ingress.2541437006.protocol": "tcp",
                            "ingress.2541437006.security_groups.#": "0",
                            "ingress.2541437006.self": "false",
                            "ingress.2541437006.to_port": "22",
                            "name": "nat-security_groups",
                            "owner_id": "026415828610",
                            "revoke_rules_on_delete": "false",
                            "tags.%": "0",
                            "vpc_id": "vpc-a57cc2dc"
                        },
                        "meta": {
                            "schema_version": "1"
                        },
                        "tainted": false
                    },
                    "deposed": [],
                    "provider": "provider.aws"
                },
                "aws_subnet.private-subnet": {
                    "type": "aws_subnet",
                    "depends_on": [
                        "aws_vpc.non-default"
                    ],
                    "primary": {
                        "id": "subnet-5673611e",
                        "attributes": {
                            "assign_ipv6_address_on_creation": "false",
                            "availability_zone": "us-west-2a",
                            "cidr_block": "10.0.2.0/24",
                            "id": "subnet-5673611e",
                            "map_public_ip_on_launch": "false",
                            "tags.%": "1",
                            "tags.Name": "private-subnet",
                            "vpc_id": "vpc-a57cc2dc"
                        },
                        "meta": {
                            "schema_version": "1"
                        },
                        "tainted": false
                    },
                    "deposed": [],
                    "provider": "provider.aws"
                },
                "aws_subnet.public-subnet": {
                    "type": "aws_subnet",
                    "depends_on": [
                        "aws_vpc.non-default"
                    ],
                    "primary": {
                        "id": "subnet-ca52a2b3",
                        "attributes": {
                            "assign_ipv6_address_on_creation": "false",
                            "availability_zone": "us-west-2b",
                            "cidr_block": "10.0.1.0/24",
                            "id": "subnet-ca52a2b3",
                            "map_public_ip_on_launch": "false",
                            "tags.%": "1",
                            "tags.Name": "public-subnet",
                            "vpc_id": "vpc-a57cc2dc"
                        },
                        "meta": {
                            "schema_version": "1"
                        },
                        "tainted": false
                    },
                    "deposed": [],
                    "provider": "provider.aws"
                },
                "aws_vpc.non-default": {
                    "type": "aws_vpc",
                    "depends_on": [],
                    "primary": {
                        "id": "vpc-a57cc2dc",
                        "attributes": {
                            "assign_generated_ipv6_cidr_block": "false",
                            "cidr_block": "10.0.0.0/16",
                            "default_network_acl_id": "acl-52a5962b",
                            "default_route_table_id": "rtb-8517cffd",
                            "default_security_group_id": "sg-9cad0ae3",
                            "dhcp_options_id": "dopt-a9de04cf",
                            "enable_classiclink": "false",
                            "enable_classiclink_dns_support": "false",
                            "enable_dns_hostnames": "false",
                            "enable_dns_support": "true",
                            "id": "vpc-a57cc2dc",
                            "instance_tenancy": "default",
                            "main_route_table_id": "rtb-8517cffd",
                            "tags.%": "1",
                            "tags.Name": "Non-default-VPC"
                        },
                        "meta": {
                            "schema_version": "1"
                        },
                        "tainted": false
                    },
                    "deposed": [],
                    "provider": "provider.aws"
                },
                "data.aws_ip_ranges.european_ec2": {
                    "type": "aws_ip_ranges",
                    "depends_on": [],
                    "primary": {
                        "id": "1517937128",
                        "attributes": {
                            "cidr_blocks.#": "45",
                            "cidr_blocks.0": "176.34.128.0/17",
                            "cidr_blocks.1": "176.34.64.0/18",
                            "cidr_blocks.10": "46.137.128.0/18",
                            "cidr_blocks.11": "46.51.128.0/18",
                            "cidr_blocks.12": "46.51.192.0/20",
                            "cidr_blocks.13": "52.16.0.0/15",
                            "cidr_blocks.14": "52.18.0.0/15",
                            "cidr_blocks.15": "52.208.0.0/13",
                            "cidr_blocks.16": "52.28.0.0/16",
                            "cidr_blocks.17": "52.29.0.0/16",
                            "cidr_blocks.18": "52.30.0.0/15",
                            "cidr_blocks.19": "52.46.184.0/22",
                            "cidr_blocks.2": "18.194.0.0/15",
                            "cidr_blocks.20": "52.48.0.0/14",
                            "cidr_blocks.21": "52.57.0.0/16",
                            "cidr_blocks.22": "52.58.0.0/15",
                            "cidr_blocks.23": "52.94.248.112/28",
                            "cidr_blocks.24": "52.94.248.16/28",
                            "cidr_blocks.25": "52.95.244.0/24",
                            "cidr_blocks.26": "52.95.248.0/24",
                            "cidr_blocks.27": "52.95.255.128/28",
                            "cidr_blocks.28": "52.95.255.64/28",
                            "cidr_blocks.29": "54.154.0.0/16",
                            "cidr_blocks.3": "18.196.0.0/15",
                            "cidr_blocks.30": "54.155.0.0/16",
                            "cidr_blocks.31": "54.170.0.0/15",
                            "cidr_blocks.32": "54.194.0.0/15",
                            "cidr_blocks.33": "54.216.0.0/15",
                            "cidr_blocks.34": "54.220.0.0/16",
                            "cidr_blocks.35": "54.228.0.0/16",
                            "cidr_blocks.36": "54.229.0.0/16",
                            "cidr_blocks.37": "54.246.0.0/16",
                            "cidr_blocks.38": "54.247.0.0/16",
                            "cidr_blocks.39": "54.72.0.0/15",
                            "cidr_blocks.4": "18.200.0.0/16",
                            "cidr_blocks.40": "54.74.0.0/15",
                            "cidr_blocks.41": "54.76.0.0/15",
                            "cidr_blocks.42": "54.78.0.0/16",
                            "cidr_blocks.43": "54.93.0.0/16",
                            "cidr_blocks.44": "79.125.0.0/17",
                            "cidr_blocks.5": "185.48.120.0/22",
                            "cidr_blocks.6": "34.240.0.0/13",
                            "cidr_blocks.7": "34.248.0.0/13",
                            "cidr_blocks.8": "35.156.0.0/14",
                            "cidr_blocks.9": "46.137.0.0/17",
                            "create_date": "2018-02-06-17-12-08",
                            "id": "1517937128",
                            "regions.#": "2",
                            "regions.1612296418": "eu-west-1",
                            "regions.3365971835": "eu-central-1",
                            "services.#": "1",
                            "services.995495937": "ec2",
                            "sync_token": "1517937128"
                        },
                        "meta": {},
                        "tainted": false
                    },
                    "deposed": [],
                    "provider": "provider.aws"
                }
            },
            "depends_on": []
        }
    ]
}
